
Microsoft Visual Studio Solution File, Format Version 12.00
# Visual Studio Version 17
VisualStudioVersion = 17.10.35027.167
MinimumVisualStudioVersion = 10.0.40219.1
Project("{9A19103F-16F7-4668-BE54-9A1E7A4F7556}") = "Day1Part1", "ProductWebApplication\Day1Part1.csproj", "{1C296ECD-5732-4C46-9259-040DDFDCB25C}"
EndProject
Project("{2150E333-8FDC-42A3-9474-1A3956D46DE8}") = "Solution Items", "Solution Items", "{5E4D2195-889D-4C86-97D5-1201A265E1D1}"
	ProjectSection(SolutionItems) = preProject
		.editorconfig = .editorconfig
	EndProjectSection
EndProject
Global
	GlobalSection(SolutionConfigurationPlatforms) = preSolution
		Debug|Any CPU = Debug|Any CPU
		Release|Any CPU = Release|Any CPU
	EndGlobalSection
	GlobalSection(ProjectConfigurationPlatforms) = postSolution
		{1C296ECD-5732-4C46-9259-040DDFDCB25C}.Debug|Any CPU.ActiveCfg = Debug|Any CPU
		{1C296ECD-5732-4C46-9259-040DDFDCB25C}.Debug|Any CPU.Build.0 = Debug|Any CPU
		{1C296ECD-5732-4C46-9259-040DDFDCB25C}.Release|Any CPU.ActiveCfg = Release|Any CPU
		{1C296ECD-5732-4C46-9259-040DDFDCB25C}.Release|Any CPU.Build.0 = Release|Any CPU
	EndGlobalSection
	GlobalSection(SolutionProperties) = preSolution
		HideSolutionNode = FALSE
	EndGlobalSection
	GlobalSection(ExtensibilityGlobals) = postSolution
		SolutionGuid = {F20A9604-FE5D-48CF-B6C6-F5F47854CDAB}
	EndGlobalSection
EndGlobal
